// !$*UTF8*$!
{
	archiveVersion = 1;
	classes = {
	};
	objectVersion = 46;
	objects = {

/* Begin PBXBuildFile section */
		16C410951ABE78D70009475C /* human1.png in Resources */ = {isa = PBXBuildFile; fileRef = 16C410931ABE78D70009475C /* human1.png */; };
		16C410981ABE7B830009475C /* human2.png in Resources */ = {isa = PBXBuildFile; fileRef = 16C410971ABE7B830009475C /* human2.png */; };
		16C410A01ABE850E0009475C /* background.png in Resources */ = {isa = PBXBuildFile; fileRef = 16C4109F1ABE850E0009475C /* background.png */; };
		16C410A61ABE89D30009475C /* bg1.png in Resources */ = {isa = PBXBuildFile; fileRef = 16C410A11ABE89D30009475C /* bg1.png */; };
		16C410A71ABE89D30009475C /* bg2.png in Resources */ = {isa = PBXBuildFile; fileRef = 16C410A21ABE89D30009475C /* bg2.png */; };
		16C410A81ABE89D30009475C /* bg3.png in Resources */ = {isa = PBXBuildFile; fileRef = 16C410A31ABE89D30009475C /* bg3.png */; };
		16C410A91ABE89D30009475C /* bg4.png in Resources */ = {isa = PBXBuildFile; fileRef = 16C410A41ABE89D30009475C /* bg4.png */; };
		16C410AA1ABE89D30009475C /* bg5.png in Resources */ = {isa = PBXBuildFile; fileRef = 16C410A51ABE89D30009475C /* bg5.png */; };
		1808C8D61A23B8A700DF84DC /* Foundation.framework in Frameworks */ = {isa = PBXBuildFile; fileRef = 1808C8D51A23B8A700DF84DC /* Foundation.framework */; };
		1808C8D81A23B8A800DF84DC /* CoreGraphics.framework in Frameworks */ = {isa = PBXBuildFile; fileRef = 1808C8D71A23B8A800DF84DC /* CoreGraphics.framework */; };
		1808C8DA1A23B8A800DF84DC /* UIKit.framework in Frameworks */ = {isa = PBXBuildFile; fileRef = 1808C8D91A23B8A800DF84DC /* UIKit.framework */; };
		1808C8DC1A23B8A800DF84DC /* SpriteKit.framework in Frameworks */ = {isa = PBXBuildFile; fileRef = 1808C8DB1A23B8A800DF84DC /* SpriteKit.framework */; };
		1808C8E21A23B8A800DF84DC /* InfoPlist.strings in Resources */ = {isa = PBXBuildFile; fileRef = 1808C8E01A23B8A800DF84DC /* InfoPlist.strings */; };
		1808C8E41A23B8A800DF84DC /* main.m in Sources */ = {isa = PBXBuildFile; fileRef = 1808C8E31A23B8A800DF84DC /* main.m */; };
		1808C8E81A23B8A800DF84DC /* AppDelegate.m in Sources */ = {isa = PBXBuildFile; fileRef = 1808C8E71A23B8A800DF84DC /* AppDelegate.m */; };
		1808C8EB1A23B8A800DF84DC /* Main.storyboard in Resources */ = {isa = PBXBuildFile; fileRef = 1808C8E91A23B8A800DF84DC /* Main.storyboard */; };
		1808C8EE1A23B8A800DF84DC /* ViewController.m in Sources */ = {isa = PBXBuildFile; fileRef = 1808C8ED1A23B8A800DF84DC /* ViewController.m */; };
		1808C8F11A23B8A800DF84DC /* MyScene.m in Sources */ = {isa = PBXBuildFile; fileRef = 1808C8F01A23B8A800DF84DC /* MyScene.m */; };
		1808C8F31A23B8A800DF84DC /* Spaceship.png in Resources */ = {isa = PBXBuildFile; fileRef = 1808C8F21A23B8A800DF84DC /* Spaceship.png */; };
		1808C8F51A23B8A800DF84DC /* Images.xcassets in Resources */ = {isa = PBXBuildFile; fileRef = 1808C8F41A23B8A800DF84DC /* Images.xcassets */; };
		1808C8FC1A23B8A800DF84DC /* XCTest.framework in Frameworks */ = {isa = PBXBuildFile; fileRef = 1808C8FB1A23B8A800DF84DC /* XCTest.framework */; };
		1808C8FD1A23B8A800DF84DC /* Foundation.framework in Frameworks */ = {isa = PBXBuildFile; fileRef = 1808C8D51A23B8A700DF84DC /* Foundation.framework */; };
		1808C8FE1A23B8A800DF84DC /* UIKit.framework in Frameworks */ = {isa = PBXBuildFile; fileRef = 1808C8D91A23B8A800DF84DC /* UIKit.framework */; };
		1808C9061A23B8A800DF84DC /* InfoPlist.strings in Resources */ = {isa = PBXBuildFile; fileRef = 1808C9041A23B8A800DF84DC /* InfoPlist.strings */; };
		1808C9081A23B8A800DF84DC /* StickHeroTests.m in Sources */ = {isa = PBXBuildFile; fileRef = 1808C9071A23B8A800DF84DC /* StickHeroTests.m */; };
		18F5321E1A27CB6700FACFEA /* tryAgain.m in Sources */ = {isa = PBXBuildFile; fileRef = 18F5321D1A27CB6700FACFEA /* tryAgain.m */; };
/* End PBXBuildFile section */

/* Begin PBXContainerItemProxy section */
		1808C8FF1A23B8A800DF84DC /* PBXContainerItemProxy */ = {
			isa = PBXContainerItemProxy;
			containerPortal = 1808C8CA1A23B8A700DF84DC /* Project object */;
			proxyType = 1;
			remoteGlobalIDString = 1808C8D11A23B8A700DF84DC;
			remoteInfo = StickHero;
		};
/* End PBXContainerItemProxy section */

/* Begin PBXFileReference section */
		16C410931ABE78D70009475C /* human1.png */ = {isa = PBXFileReference; lastKnownFileType = image.png; path = human1.png; sourceTree = "<group>"; };
		16C410971ABE7B830009475C /* human2.png */ = {isa = PBXFileReference; lastKnownFileType = image.png; path = human2.png; sourceTree = "<group>"; };
		16C4109F1ABE850E0009475C /* background.png */ = {isa = PBXFileReference; lastKnownFileType = image.png; path = background.png; sourceTree = "<group>"; };
		16C410A11ABE89D30009475C /* bg1.png */ = {isa = PBXFileReference; lastKnownFileType = image.png; path = bg1.png; sourceTree = "<group>"; };
		16C410A21ABE89D30009475C /* bg2.png */ = {isa = PBXFileReference; lastKnownFileType = image.png; path = bg2.png; sourceTree = "<group>"; };
		16C410A31ABE89D30009475C /* bg3.png */ = {isa = PBXFileReference; lastKnownFileType = image.png; path = bg3.png; sourceTree = "<group>"; };
		16C410A41ABE89D30009475C /* bg4.png */ = {isa = PBXFileReference; lastKnownFileType = image.png; path = bg4.png; sourceTree = "<group>"; };
		16C410A51ABE89D30009475C /* bg5.png */ = {isa = PBXFileReference; lastKnownFileType = image.png; path = bg5.png; sourceTree = "<group>"; };
		1808C8D21A23B8A700DF84DC /* StickHero.app */ = {isa = PBXFileReference; explicitFileType = wrapper.application; includeInIndex = 0; path = StickHero.app; sourceTree = BUILT_PRODUCTS_DIR; };
		1808C8D51A23B8A700DF84DC /* Foundation.framework */ = {isa = PBXFileReference; lastKnownFileType = wrapper.framework; name = Foundation.framework; path = System/Library/Frameworks/Foundation.framework; sourceTree = SDKROOT; };
		1808C8D71A23B8A800DF84DC /* CoreGraphics.framework */ = {isa = PBXFileReference; lastKnownFileType = wrapper.framework; name = CoreGraphics.framework; path = System/Library/Frameworks/CoreGraphics.framework; sourceTree = SDKROOT; };
		1808C8D91A23B8A800DF84DC /* UIKit.framework */ = {isa = PBXFileReference; lastKnownFileType = wrapper.framework; name = UIKit.framework; path = System/Library/Frameworks/UIKit.framework; sourceTree = SDKROOT; };
		1808C8DB1A23B8A800DF84DC /* SpriteKit.framework */ = {isa = PBXFileReference; lastKnownFileType = wrapper.framework; name = SpriteKit.framework; path = System/Library/Frameworks/SpriteKit.framework; sourceTree = SDKROOT; };
		1808C8DF1A23B8A800DF84DC /* StickHero-Info.plist */ = {isa = PBXFileReference; lastKnownFileType = text.plist.xml; path = "StickHero-Info.plist"; sourceTree = "<group>"; };
		1808C8E11A23B8A800DF84DC /* en */ = {isa = PBXFileReference; lastKnownFileType = text.plist.strings; name = en; path = en.lproj/InfoPlist.strings; sourceTree = "<group>"; };
		1808C8E31A23B8A800DF84DC /* main.m */ = {isa = PBXFileReference; lastKnownFileType = sourcecode.c.objc; path = main.m; sourceTree = "<group>"; };
		1808C8E51A23B8A800DF84DC /* StickHero-Prefix.pch */ = {isa = PBXFileReference; lastKnownFileType = sourcecode.c.h; path = "StickHero-Prefix.pch"; sourceTree = "<group>"; };
		1808C8E61A23B8A800DF84DC /* AppDelegate.h */ = {isa = PBXFileReference; lastKnownFileType = sourcecode.c.h; path = AppDelegate.h; sourceTree = "<group>"; };
		1808C8E71A23B8A800DF84DC /* AppDelegate.m */ = {isa = PBXFileReference; lastKnownFileType = sourcecode.c.objc; path = AppDelegate.m; sourceTree = "<group>"; };
		1808C8EA1A23B8A800DF84DC /* Base */ = {isa = PBXFileReference; lastKnownFileType = file.storyboard; name = Base; path = Base.lproj/Main.storyboard; sourceTree = "<group>"; };
		1808C8EC1A23B8A800DF84DC /* ViewController.h */ = {isa = PBXFileReference; lastKnownFileType = sourcecode.c.h; path = ViewController.h; sourceTree = "<group>"; };
		1808C8ED1A23B8A800DF84DC /* ViewController.m */ = {isa = PBXFileReference; lastKnownFileType = sourcecode.c.objc; path = ViewController.m; sourceTree = "<group>"; };
		1808C8EF1A23B8A800DF84DC /* MyScene.h */ = {isa = PBXFileReference; lastKnownFileType = sourcecode.c.h; path = MyScene.h; sourceTree = "<group>"; };
		1808C8F01A23B8A800DF84DC /* MyScene.m */ = {isa = PBXFileReference; lastKnownFileType = sourcecode.c.objc; path = MyScene.m; sourceTree = "<group>"; };
		1808C8F21A23B8A800DF84DC /* Spaceship.png */ = {isa = PBXFileReference; lastKnownFileType = image.png; path = Spaceship.png; sourceTree = "<group>"; };
		1808C8F41A23B8A800DF84DC /* Images.xcassets */ = {isa = PBXFileReference; lastKnownFileType = folder.assetcatalog; path = Images.xcassets; sourceTree = "<group>"; };
		1808C8FA1A23B8A800DF84DC /* StickHeroTests.xctest */ = {isa = PBXFileReference; explicitFileType = wrapper.cfbundle; includeInIndex = 0; path = StickHeroTests.xctest; sourceTree = BUILT_PRODUCTS_DIR; };
		1808C8FB1A23B8A800DF84DC /* XCTest.framework */ = {isa = PBXFileReference; lastKnownFileType = wrapper.framework; name = XCTest.framework; path = Library/Frameworks/XCTest.framework; sourceTree = DEVELOPER_DIR; };
		1808C9031A23B8A800DF84DC /* StickHeroTests-Info.plist */ = {isa = PBXFileReference; lastKnownFileType = text.plist.xml; path = "StickHeroTests-Info.plist"; sourceTree = "<group>"; };
		1808C9051A23B8A800DF84DC /* en */ = {isa = PBXFileReference; lastKnownFileType = text.plist.strings; name = en; path = en.lproj/InfoPlist.strings; sourceTree = "<group>"; };
		1808C9071A23B8A800DF84DC /* StickHeroTests.m */ = {isa = PBXFileReference; lastKnownFileType = sourcecode.c.objc; path = StickHeroTests.m; sourceTree = "<group>"; };
		18F5321C1A27CB6700FACFEA /* tryAgain.h */ = {isa = PBXFileReference; fileEncoding = 4; lastKnownFileType = sourcecode.c.h; path = tryAgain.h; sourceTree = "<group>"; };
		18F5321D1A27CB6700FACFEA /* tryAgain.m */ = {isa = PBXFileReference; fileEncoding = 4; lastKnownFileType = sourcecode.c.objc; path = tryAgain.m; sourceTree = "<group>"; };
/* End PBXFileReference section */

/* Begin PBXFrameworksBuildPhase section */
		1808C8CF1A23B8A700DF84DC /* Frameworks */ = {
			isa = PBXFrameworksBuildPhase;
			buildActionMask = 2147483647;
			files = (
				1808C8D81A23B8A800DF84DC /* CoreGraphics.framework in Frameworks */,
				1808C8DA1A23B8A800DF84DC /* UIKit.framework in Frameworks */,
				1808C8DC1A23B8A800DF84DC /* SpriteKit.framework in Frameworks */,
				1808C8D61A23B8A700DF84DC /* Foundation.framework in Frameworks */,
			);
			runOnlyForDeploymentPostprocessing = 0;
		};
		1808C8F71A23B8A800DF84DC /* Frameworks */ = {
			isa = PBXFrameworksBuildPhase;
			buildActionMask = 2147483647;
			files = (
				1808C8FC1A23B8A800DF84DC /* XCTest.framework in Frameworks */,
				1808C8FE1A23B8A800DF84DC /* UIKit.framework in Frameworks */,
				1808C8FD1A23B8A800DF84DC /* Foundation.framework in Frameworks */,
			);
			runOnlyForDeploymentPostprocessing = 0;
		};
/* End PBXFrameworksBuildPhase section */

/* Begin PBXGroup section */
		162D57701ABD968F00DF7752 /* Image */ = {
			isa = PBXGroup;
			children = (
				16C410931ABE78D70009475C /* human1.png */,
				16C410971ABE7B830009475C /* human2.png */,
				16C4109F1ABE850E0009475C /* background.png */,
				16C410A11ABE89D30009475C /* bg1.png */,
				16C410A21ABE89D30009475C /* bg2.png */,
				16C410A31ABE89D30009475C /* bg3.png */,
				16C410A41ABE89D30009475C /* bg4.png */,
				16C410A51ABE89D30009475C /* bg5.png */,
				1808C8F21A23B8A800DF84DC /* Spaceship.png */,
			);
			name = Image;
			sourceTree = "<group>";
		};
		1808C8C91A23B8A700DF84DC = {
			isa = PBXGroup;
			children = (
				1808C8DD1A23B8A800DF84DC /* StickHero */,
				1808C9011A23B8A800DF84DC /* StickHeroTests */,
				1808C8D41A23B8A700DF84DC /* Frameworks */,
				1808C8D31A23B8A700DF84DC /* Products */,
			);
			sourceTree = "<group>";
		};
		1808C8D31A23B8A700DF84DC /* Products */ = {
			isa = PBXGroup;
			children = (
				1808C8D21A23B8A700DF84DC /* StickHero.app */,
				1808C8FA1A23B8A800DF84DC /* StickHeroTests.xctest */,
			);
			name = Products;
			sourceTree = "<group>";
		};
		1808C8D41A23B8A700DF84DC /* Frameworks */ = {
			isa = PBXGroup;
			children = (
				1808C8D51A23B8A700DF84DC /* Foundation.framework */,
				1808C8D71A23B8A800DF84DC /* CoreGraphics.framework */,
				1808C8D91A23B8A800DF84DC /* UIKit.framework */,
				1808C8DB1A23B8A800DF84DC /* SpriteKit.framework */,
				1808C8FB1A23B8A800DF84DC /* XCTest.framework */,
			);
			name = Frameworks;
			sourceTree = "<group>";
		};
		1808C8DD1A23B8A800DF84DC /* StickHero */ = {
			isa = PBXGroup;
			children = (
				1808C8EC1A23B8A800DF84DC /* ViewController.h */,
				1808C8ED1A23B8A800DF84DC /* ViewController.m */,
				1808C8EF1A23B8A800DF84DC /* MyScene.h */,
				1808C8F01A23B8A800DF84DC /* MyScene.m */,
				18F5321C1A27CB6700FACFEA /* tryAgain.h */,
				18F5321D1A27CB6700FACFEA /* tryAgain.m */,
				1808C8F41A23B8A800DF84DC /* Images.xcassets */,
				162D57701ABD968F00DF7752 /* Image */,
				1808C8DE1A23B8A800DF84DC /* Supporting Files */,
			);
			path = StickHero;
			sourceTree = "<group>";
		};
		1808C8DE1A23B8A800DF84DC /* Supporting Files */ = {
			isa = PBXGroup;
			children = (
				1808C8E91A23B8A800DF84DC /* Main.storyboard */,
				1808C8E61A23B8A800DF84DC /* AppDelegate.h */,
				1808C8E71A23B8A800DF84DC /* AppDelegate.m */,
				1808C8DF1A23B8A800DF84DC /* StickHero-Info.plist */,
				1808C8E01A23B8A800DF84DC /* InfoPlist.strings */,
				1808C8E31A23B8A800DF84DC /* main.m */,
				1808C8E51A23B8A800DF84DC /* StickHero-Prefix.pch */,
			);
			name = "Supporting Files";
			sourceTree = "<group>";
		};
		1808C9011A23B8A800DF84DC /* StickHeroTests */ = {
			isa = PBXGroup;
			children = (
				1808C9071A23B8A800DF84DC /* StickHeroTests.m */,
				1808C9021A23B8A800DF84DC /* Supporting Files */,
			);
			path = StickHeroTests;
			sourceTree = "<group>";
		};
		1808C9021A23B8A800DF84DC /* Supporting Files */ = {
			isa = PBXGroup;
			children = (
				1808C9031A23B8A800DF84DC /* StickHeroTests-Info.plist */,
				1808C9041A23B8A800DF84DC /* InfoPlist.strings */,
			);
			name = "Supporting Files";
			sourceTree = "<group>";
		};
/* End PBXGroup section */

/* Begin PBXNativeTarget section */
		1808C8D11A23B8A700DF84DC /* StickHero */ = {
			isa = PBXNativeTarget;
			buildConfigurationList = 1808C90B1A23B8A800DF84DC /* Build configuration list for PBXNativeTarget "StickHero" */;
			buildPhases = (
				1808C8CE1A23B8A700DF84DC /* Sources */,
				1808C8CF1A23B8A700DF84DC /* Frameworks */,
				1808C8D01A23B8A700DF84DC /* Resources */,
			);
			buildRules = (
			);
			dependencies = (
			);
			name = StickHero;
			productName = StickHero;
			productReference = 1808C8D21A23B8A700DF84DC /* StickHero.app */;
			productType = "com.apple.product-type.application";
		};
		1808C8F91A23B8A800DF84DC /* StickHeroTests */ = {
			isa = PBXNativeTarget;
			buildConfigurationList = 1808C90E1A23B8A800DF84DC /* Build configuration list for PBXNativeTarget "StickHeroTests" */;
			buildPhases = (
				1808C8F61A23B8A800DF84DC /* Sources */,
				1808C8F71A23B8A800DF84DC /* Frameworks */,
				1808C8F81A23B8A800DF84DC /* Resources */,
			);
			buildRules = (
			);
			dependencies = (
				1808C9001A23B8A800DF84DC /* PBXTargetDependency */,
			);
			name = StickHeroTests;
			productName = StickHeroTests;
			productReference = 1808C8FA1A23B8A800DF84DC /* StickHeroTests.xctest */;
			productType = "com.apple.product-type.bundle.unit-test";
		};
/* End PBXNativeTarget section */

/* Begin PBXProject section */
		1808C8CA1A23B8A700DF84DC /* Project object */ = {
			isa = PBXProject;
			attributes = {
				LastUpgradeCheck = 0510;
				ORGANIZATIONNAME = "___FULLUSERNAME___";
				TargetAttributes = {
					1808C8F91A23B8A800DF84DC = {
						TestTargetID = 1808C8D11A23B8A700DF84DC;
					};
				};
			};
			buildConfigurationList = 1808C8CD1A23B8A700DF84DC /* Build configuration list for PBXProject "StickHero" */;
			compatibilityVersion = "Xcode 3.2";
			developmentRegion = English;
			hasScannedForEncodings = 0;
			knownRegions = (
				en,
				Base,
			);
			mainGroup = 1808C8C91A23B8A700DF84DC;
			productRefGroup = 1808C8D31A23B8A700DF84DC /* Products */;
			projectDirPath = "";
			projectRoot = "";
			targets = (
				1808C8D11A23B8A700DF84DC /* StickHero */,
				1808C8F91A23B8A800DF84DC /* StickHeroTests */,
			);
		};
/* End PBXProject section */

/* Begin PBXResourcesBuildPhase section */
		1808C8D01A23B8A700DF84DC /* Resources */ = {
			isa = PBXResourcesBuildPhase;
			buildActionMask = 2147483647;
			files = (
				1808C8E21A23B8A800DF84DC /* InfoPlist.strings in Resources */,
				16C410A01ABE850E0009475C /* background.png in Resources */,
				16C410981ABE7B830009475C /* human2.png in Resources */,
				16C410A91ABE89D30009475C /* bg4.png in Resources */,
				16C410A71ABE89D30009475C /* bg2.png in Resources */,
				16C410A61ABE89D30009475C /* bg1.png in Resources */,
				1808C8F51A23B8A800DF84DC /* Images.xcassets in Resources */,
				16C410951ABE78D70009475C /* human1.png in Resources */,
				1808C8F31A23B8A800DF84DC /* Spaceship.png in Resources */,
				16C410A81ABE89D30009475C /* bg3.png in Resources */,
				16C410AA1ABE89D30009475C /* bg5.png in Resources */,
				1808C8EB1A23B8A800DF84DC /* Main.storyboard in Resources */,
			);
			runOnlyForDeploymentPostprocessing = 0;
		};
		1808C8F81A23B8A800DF84DC /* Resources */ = {
			isa = PBXResourcesBuildPhase;
			buildActionMask = 2147483647;
			files = (
				1808C9061A23B8A800DF84DC /* InfoPlist.strings in Resources */,
			);
			runOnlyForDeploymentPostprocessing = 0;
		};
/* End PBXResourcesBuildPhase section */

/* Begin PBXSourcesBuildPhase section */
		1808C8CE1A23B8A700DF84DC /* Sources */ = {
			isa = PBXSourcesBuildPhase;
			buildActionMask = 2147483647;
			files = (
				18F5321E1A27CB6700FACFEA /* tryAgain.m in Sources */,
				1808C8F11A23B8A800DF84DC /* MyScene.m in Sources */,
				1808C8EE1A23B8A800DF84DC /* ViewController.m in Sources */,
				1808C8E81A23B8A800DF84DC /* AppDelegate.m in Sources */,
				1808C8E41A23B8A800DF84DC /* main.m in Sources */,
			);
			runOnlyForDeploymentPostprocessing = 0;
		};
		1808C8F61A23B8A800DF84DC /* Sources */ = {
			isa = PBXSourcesBuildPhase;
			buildActionMask = 2147483647;
			files = (
				1808C9081A23B8A800DF84DC /* StickHeroTests.m in Sources */,
			);
			runOnlyForDeploymentPostprocessing = 0;
		};
/* End PBXSourcesBuildPhase section */

/* Begin PBXTargetDependency section */
		1808C9001A23B8A800DF84DC /* PBXTargetDependency */ = {
			isa = PBXTargetDependency;
			target = 1808C8D11A23B8A700DF84DC /* StickHero */;
			targetProxy = 1808C8FF1A23B8A800DF84DC /* PBXContainerItemProxy */;
		};
/* End PBXTargetDependency section */

/* Begin PBXVariantGroup section */
		1808C8E01A23B8A800DF84DC /* InfoPlist.strings */ = {
			isa = PBXVariantGroup;
			children = (
				1808C8E11A23B8A800DF84DC /* en */,
			);
			name = InfoPlist.strings;
			sourceTree = "<group>";
		};
		1808C8E91A23B8A800DF84DC /* Main.storyboard */ = {
			isa = PBXVariantGroup;
			children = (
				1808C8EA1A23B8A800DF84DC /* Base */,
			);
			name = Main.storyboard;
			sourceTree = "<group>";
		};
		1808C9041A23B8A800DF84DC /* InfoPlist.strings */ = {
			isa = PBXVariantGroup;
			children = (
				1808C9051A23B8A800DF84DC /* en */,
			);
			name = InfoPlist.strings;
			sourceTree = "<group>";
		};
/* End PBXVariantGroup section */

/* Begin XCBuildConfiguration section */
		1808C9091A23B8A800DF84DC /* Debug */ = {
			isa = XCBuildConfiguration;
			buildSettings = {
				ALWAYS_SEARCH_USER_PATHS = NO;
				CLANG_CXX_LANGUAGE_STANDARD = "gnu++0x";
				CLANG_CXX_LIBRARY = "libc++";
				CLANG_ENABLE_MODULES = YES;
				CLANG_ENABLE_OBJC_ARC = YES;
				CLANG_WARN_BOOL_CONVERSION = YES;
				CLANG_WARN_CONSTANT_CONVERSION = YES;
				CLANG_WARN_DIRECT_OBJC_ISA_USAGE = YES_ERROR;
				CLANG_WARN_EMPTY_BODY = YES;
				CLANG_WARN_ENUM_CONVERSION = YES;
				CLANG_WARN_INT_CONVERSION = YES;
				CLANG_WARN_OBJC_ROOT_CLASS = YES_ERROR;
				CLANG_WARN__DUPLICATE_METHOD_MATCH = YES;
				"CODE_SIGN_IDENTITY[sdk=iphoneos*]" = "iPhone Developer";
				COPY_PHASE_STRIP = NO;
				GCC_C_LANGUAGE_STANDARD = gnu99;
				GCC_DYNAMIC_NO_PIC = NO;
				GCC_OPTIMIZATION_LEVEL = 0;
				GCC_PREPROCESSOR_DEFINITIONS = (
					"DEBUG=1",
					"$(inherited)",
				);
				GCC_SYMBOLS_PRIVATE_EXTERN = NO;
				GCC_WARN_64_TO_32_BIT_CONVERSION = YES;
				GCC_WARN_ABOUT_RETURN_TYPE = YES_ERROR;
				GCC_WARN_UNDECLARED_SELECTOR = YES;
				GCC_WARN_UNINITIALIZED_AUTOS = YES_AGGRESSIVE;
				GCC_WARN_UNUSED_FUNCTION = YES;
				GCC_WARN_UNUSED_VARIABLE = YES;
				IPHONEOS_DEPLOYMENT_TARGET = 7.1;
				ONLY_ACTIVE_ARCH = YES;
				SDKROOT = iphoneos;
			};
			name = Debug;
		};
		1808C90A1A23B8A800DF84DC /* Release */ = {
			isa = XCBuildConfiguration;
			buildSettings = {
				ALWAYS_SEARCH_USER_PATHS = NO;
				CLANG_CXX_LANGUAGE_STANDARD = "gnu++0x";
				CLANG_CXX_LIBRARY = "libc++";
				CLANG_ENABLE_MODULES = YES;
				CLANG_ENABLE_OBJC_ARC = YES;
				CLANG_WARN_BOOL_CONVERSION = YES;
				CLANG_WARN_CONSTANT_CONVERSION = YES;
				CLANG_WARN_DIRECT_OBJC_ISA_USAGE = YES_ERROR;
				CLANG_WARN_EMPTY_BODY = YES;
				CLANG_WARN_ENUM_CONVERSION = YES;
				CLANG_WARN_INT_CONVERSION = YES;
				CLANG_WARN_OBJC_ROOT_CLASS = YES_ERROR;
				CLANG_WARN__DUPLICATE_METHOD_MATCH = YES;
				"CODE_SIGN_IDENTITY[sdk=iphoneos*]" = "iPhone Developer";
				COPY_PHASE_STRIP = YES;
				ENABLE_NS_ASSERTIONS = NO;
				GCC_C_LANGUAGE_STANDARD = gnu99;
				GCC_WARN_64_TO_32_BIT_CONVERSION = YES;
				GCC_WARN_ABOUT_RETURN_TYPE = YES_ERROR;
				GCC_WARN_UNDECLARED_SELECTOR = YES;
				GCC_WARN_UNINITIALIZED_AUTOS = YES_AGGRESSIVE;
				GCC_WARN_UNUSED_FUNCTION = YES;
				GCC_WARN_UNUSED_VARIABLE = YES;
				IPHONEOS_DEPLOYMENT_TARGET = 7.1;
				SDKROOT = iphoneos;
				VALIDATE_PRODUCT = YES;
			};
			name = Release;
		};
		1808C90C1A23B8A800DF84DC /* Debug */ = {
			isa = XCBuildConfiguration;
			buildSettings = {
				ASSETCATALOG_COMPILER_APPICON_NAME = AppIcon;
				ASSETCATALOG_COMPILER_LAUNCHIMAGE_NAME = LaunchImage;
				GCC_PRECOMPILE_PREFIX_HEADER = YES;
				GCC_PREFIX_HEADER = "StickHero/StickHero-Prefix.pch";
				INFOPLIST_FILE = "StickHero/StickHero-Info.plist";
				PRODUCT_NAME = "$(TARGET_NAME)";
				SPRITEKIT_TEXTURE_ATLAS_OUTPUT = YES;
				WRAPPER_EXTENSION = app;
			};
			name = Debug;
		};
		1808C90D1A23B8A800DF84DC /* Release */ = {
			isa = XCBuildConfiguration;
			buildSettings = {
				ASSETCATALOG_COMPILER_APPICON_NAME = AppIcon;
				ASSETCATALOG_COMPILER_LAUNCHIMAGE_NAME = LaunchImage;
				GCC_PRECOMPILE_PREFIX_HEADER = YES;
				GCC_PREFIX_HEADER = "StickHero/StickHero-Prefix.pch";
				INFOPLIST_FILE = "StickHero/StickHero-Info.plist";
				PRODUCT_NAME = "$(TARGET_NAME)";
				SPRITEKIT_TEXTURE_ATLAS_OUTPUT = YES;
				WRAPPER_EXTENSION = app;
			};
			name = Release;
		};
		1808C90F1A23B8A800DF84DC /* Debug */ = {
			isa = XCBuildConfiguration;
			buildSettings = {
				BUNDLE_LOADER = "$(BUILT_PRODUCTS_DIR)/StickHero.app/StickHero";
				FRAMEWORK_SEARCH_PATHS = (
					"$(SDKROOT)/Developer/Library/Frameworks",
					"$(inherited)",
					"$(DEVELOPER_FRAMEWORKS_DIR)",
				);
				GCC_PRECOMPILE_PREFIX_HEADER = YES;
				GCC_PREFIX_HEADER = "StickHero/StickHero-Prefix.pch";
				GCC_PREPROCESSOR_DEFINITIONS = (
					"DEBUG=1",
					"$(inherited)",
				);
				INFOPLIST_FILE = "StickHeroTests/StickHeroTests-Info.plist";
				PRODUCT_NAME = "$(TARGET_NAME)";
				TEST_HOST = "$(BUNDLE_LOADER)";
				WRAPPER_EXTENSION = xctest;
			};
			name = Debug;
		};
		1808C9101A23B8A800DF84DC /* Release */ = {
			isa = XCBuildConfiguration;
			buildSettings = {
				BUNDLE_LOADER = "$(BUILT_PRODUCTS_DIR)/StickHero.app/StickHero";
				FRAMEWORK_SEARCH_PATHS = (
					"$(SDKROOT)/Developer/Library/Frameworks",
					"$(inherited)",
					"$(DEVELOPER_FRAMEWORKS_DIR)",
				);
				GCC_PRECOMPILE_PREFIX_HEADER = YES;
				GCC_PREFIX_HEADER = "StickHero/StickHero-Prefix.pch";
				INFOPLIST_FILE = "StickHeroTests/StickHeroTests-Info.plist";
				PRODUCT_NAME = "$(TARGET_NAME)";
				TEST_HOST = "$(BUNDLE_LOADER)";
				WRAPPER_EXTENSION = xctest;
			};
			name = Release;
		};
/* End XCBuildConfiguration section */

/* Begin XCConfigurationList section */
		1808C8CD1A23B8A700DF84DC /* Build configuration list for PBXProject "StickHero" */ = {
			isa = XCConfigurationList;
			buildConfigurations = (
				1808C9091A23B8A800DF84DC /* Debug */,
				1808C90A1A23B8A800DF84DC /* Release */,
			);
			defaultConfigurationIsVisible = 0;
			defaultConfigurationName = Release;
		};
		1808C90B1A23B8A800DF84DC /* Build configuration list for PBXNativeTarget "StickHero" */ = {
			isa = XCConfigurationList;
			buildConfigurations = (
				1808C90C1A23B8A800DF84DC /* Debug */,
				1808C90D1A23B8A800DF84DC /* Release */,
			);
			defaultConfigurationIsVisible = 0;
			defaultConfigurationName = Release;
		};
		1808C90E1A23B8A800DF84DC /* Build configuration list for PBXNativeTarget "StickHeroTests" */ = {
			isa = XCConfigurationList;
			buildConfigurations = (
				1808C90F1A23B8A800DF84DC /* Debug */,
				1808C9101A23B8A800DF84DC /* Release */,
			);
			defaultConfigurationIsVisible = 0;
			defaultConfigurationName = Release;
		};
/* End XCConfigurationList section */
	};
	rootObject = 1808C8CA1A23B8A700DF84DC /* Project object */;
}
